// !$*UTF8*$!
{
	archiveVersion = 1;
	classes = {
	};
	objectVersion = 56;
	objects = {

/* Begin PBXBuildFile section */
		F90187FE2ABEE32B001A23C1 /* EmployeesApp.swift in Sources */ = {isa = PBXBuildFile; fileRef = F90187FD2ABEE32B001A23C1 /* EmployeesApp.swift */; };
		F90188002ABEE32B001A23C1 /* ContentView.swift in Sources */ = {isa = PBXBuildFile; fileRef = F90187FF2ABEE32B001A23C1 /* ContentView.swift */; };
		F90188022ABEE32E001A23C1 /* Assets.xcassets in Resources */ = {isa = PBXBuildFile; fileRef = F90188012ABEE32E001A23C1 /* Assets.xcassets */; };
		F90188052ABEE32E001A23C1 /* Preview Assets.xcassets in Resources */ = {isa = PBXBuildFile; fileRef = F90188042ABEE32E001A23C1 /* Preview Assets.xcassets */; };
		F901880F2ABEE32E001A23C1 /* EmployeesTests.swift in Sources */ = {isa = PBXBuildFile; fileRef = F901880E2ABEE32E001A23C1 /* EmployeesTests.swift */; };
		F90188192ABEE32E001A23C1 /* EmployeesUITests.swift in Sources */ = {isa = PBXBuildFile; fileRef = F90188182ABEE32E001A23C1 /* EmployeesUITests.swift */; };
		F901881B2ABEE32E001A23C1 /* EmployeesUITestsLaunchTests.swift in Sources */ = {isa = PBXBuildFile; fileRef = F901881A2ABEE32E001A23C1 /* EmployeesUITestsLaunchTests.swift */; };
/* End PBXBuildFile section */

/* Begin PBXContainerItemProxy section */
		F901880B2ABEE32E001A23C1 /* PBXContainerItemProxy */ = {
			isa = PBXContainerItemProxy;
			containerPortal = F90187F22ABEE32B001A23C1 /* Project object */;
			proxyType = 1;
			remoteGlobalIDString = F90187F92ABEE32B001A23C1;
			remoteInfo = Employees;
		};
		F90188152ABEE32E001A23C1 /* PBXContainerItemProxy */ = {
			isa = PBXContainerItemProxy;
			containerPortal = F90187F22ABEE32B001A23C1 /* Project object */;
			proxyType = 1;
			remoteGlobalIDString = F90187F92ABEE32B001A23C1;
			remoteInfo = Employees;
		};
/* End PBXContainerItemProxy section */

/* Begin PBXFileReference section */
		F90187FA2ABEE32B001A23C1 /* Employees.app */ = {isa = PBXFileReference; explicitFileType = wrapper.application; includeInIndex = 0; path = Employees.app; sourceTree = BUILT_PRODUCTS_DIR; };
		F90187FD2ABEE32B001A23C1 /* EmployeesApp.swift */ = {isa = PBXFileReference; lastKnownFileType = sourcecode.swift; path = EmployeesApp.swift; sourceTree = "<group>"; };
		F90187FF2ABEE32B001A23C1 /* ContentView.swift */ = {isa = PBXFileReference; lastKnownFileType = sourcecode.swift; path = ContentView.swift; sourceTree = "<group>"; };
		F90188012ABEE32E001A23C1 /* Assets.xcassets */ = {isa = PBXFileReference; lastKnownFileType = folder.assetcatalog; path = Assets.xcassets; sourceTree = "<group>"; };
		F90188042ABEE32E001A23C1 /* Preview Assets.xcassets */ = {isa = PBXFileReference; lastKnownFileType = folder.assetcatalog; path = "Preview Assets.xcassets"; sourceTree = "<group>"; };
		F901880A2ABEE32E001A23C1 /* EmployeesTests.xctest */ = {isa = PBXFileReference; explicitFileType = wrapper.cfbundle; includeInIndex = 0; path = EmployeesTests.xctest; sourceTree = BUILT_PRODUCTS_DIR; };
		F901880E2ABEE32E001A23C1 /* EmployeesTests.swift */ = {isa = PBXFileReference; lastKnownFileType = sourcecode.swift; path = EmployeesTests.swift; sourceTree = "<group>"; };
		F90188142ABEE32E001A23C1 /* EmployeesUITests.xctest */ = {isa = PBXFileReference; explicitFileType = wrapper.cfbundle; includeInIndex = 0; path = EmployeesUITests.xctest; sourceTree = BUILT_PRODUCTS_DIR; };
		F90188182ABEE32E001A23C1 /* EmployeesUITests.swift */ = {isa = PBXFileReference; lastKnownFileType = sourcecode.swift; path = EmployeesUITests.swift; sourceTree = "<group>"; };
		F901881A2ABEE32E001A23C1 /* EmployeesUITestsLaunchTests.swift */ = {isa = PBXFileReference; lastKnownFileType = sourcecode.swift; path = EmployeesUITestsLaunchTests.swift; sourceTree = "<group>"; };
/* End PBXFileReference section */

/* Begin PBXFrameworksBuildPhase section */
		F90187F72ABEE32B001A23C1 /* Frameworks */ = {
			isa = PBXFrameworksBuildPhase;
			buildActionMask = 2147483647;
			files = (
			);
			runOnlyForDeploymentPostprocessing = 0;
		};
		F90188072ABEE32E001A23C1 /* Frameworks */ = {
			isa = PBXFrameworksBuildPhase;
			buildActionMask = 2147483647;
			files = (
			);
			runOnlyForDeploymentPostprocessing = 0;
		};
		F90188112ABEE32E001A23C1 /* Frameworks */ = {
			isa = PBXFrameworksBuildPhase;
			buildActionMask = 2147483647;
			files = (
			);
			runOnlyForDeploymentPostprocessing = 0;
		};
/* End PBXFrameworksBuildPhase section */

/* Begin PBXGroup section */
		F90187F12ABEE32B001A23C1 = {
			isa = PBXGroup;
			children = (
				F90187FC2ABEE32B001A23C1 /* Employees */,
				F901880D2ABEE32E001A23C1 /* EmployeesTests */,
				F90188172ABEE32E001A23C1 /* EmployeesUITests */,
				F90187FB2ABEE32B001A23C1 /* Products */,
			);
			sourceTree = "<group>";
		};
		F90187FB2ABEE32B001A23C1 /* Products */ = {
			isa = PBXGroup;
			children = (
				F90187FA2ABEE32B001A23C1 /* Employees.app */,
				F901880A2ABEE32E001A23C1 /* EmployeesTests.xctest */,
				F90188142ABEE32E001A23C1 /* EmployeesUITests.xctest */,
			);
			name = Products;
			sourceTree = "<group>";
		};
		F90187FC2ABEE32B001A23C1 /* Employees */ = {
			isa = PBXGroup;
			children = (
				F90187FD2ABEE32B001A23C1 /* EmployeesApp.swift */,
				F90187FF2ABEE32B001A23C1 /* ContentView.swift */,
				F90188012ABEE32E001A23C1 /* Assets.xcassets */,
				F90188032ABEE32E001A23C1 /* Preview Content */,
			);
			path = Employees;
			sourceTree = "<group>";
		};
		F90188032ABEE32E001A23C1 /* Preview Content */ = {
			isa = PBXGroup;
			children = (
				F90188042ABEE32E001A23C1 /* Preview Assets.xcassets */,
			);
			path = "Preview Content";
			sourceTree = "<group>";
		};
		F901880D2ABEE32E001A23C1 /* EmployeesTests */ = {
			isa = PBXGroup;
			children = (
				F901880E2ABEE32E001A23C1 /* EmployeesTests.swift */,
			);
			path = EmployeesTests;
			sourceTree = "<group>";
		};
		F90188172ABEE32E001A23C1 /* EmployeesUITests */ = {
			isa = PBXGroup;
			children = (
				F90188182ABEE32E001A23C1 /* EmployeesUITests.swift */,
				F901881A2ABEE32E001A23C1 /* EmployeesUITestsLaunchTests.swift */,
			);
			path = EmployeesUITests;
			sourceTree = "<group>";
		};
/* End PBXGroup section */

/* Begin PBXNativeTarget section */
		F90187F92ABEE32B001A23C1 /* Employees */ = {
			isa = PBXNativeTarget;
			buildConfigurationList = F901881E2ABEE32E001A23C1 /* Build configuration list for PBXNativeTarget "Employees" */;
			buildPhases = (
				F90187F62ABEE32B001A23C1 /* Sources */,
				F90187F72ABEE32B001A23C1 /* Frameworks */,
				F90187F82ABEE32B001A23C1 /* Resources */,
			);
			buildRules = (
			);
			dependencies = (
			);
			name = Employees;
			productName = Employees;
			productReference = F90187FA2ABEE32B001A23C1 /* Employees.app */;
			productType = "com.apple.product-type.application";
		};
		F90188092ABEE32E001A23C1 /* EmployeesTests */ = {
			isa = PBXNativeTarget;
			buildConfigurationList = F90188212ABEE32E001A23C1 /* Build configuration list for PBXNativeTarget "EmployeesTests" */;
			buildPhases = (
				F90188062ABEE32E001A23C1 /* Sources */,
				F90188072ABEE32E001A23C1 /* Frameworks */,
				F90188082ABEE32E001A23C1 /* Resources */,
			);
			buildRules = (
			);
			dependencies = (
				F901880C2ABEE32E001A23C1 /* PBXTargetDependency */,
			);
			name = EmployeesTests;
			productName = EmployeesTests;
			productReference = F901880A2ABEE32E001A23C1 /* EmployeesTests.xctest */;
			productType = "com.apple.product-type.bundle.unit-test";
		};
		F90188132ABEE32E001A23C1 /* EmployeesUITests */ = {
			isa = PBXNativeTarget;
			buildConfigurationList = F90188242ABEE32E001A23C1 /* Build configuration list for PBXNativeTarget "EmployeesUITests" */;
			buildPhases = (
				F90188102ABEE32E001A23C1 /* Sources */,
				F90188112ABEE32E001A23C1 /* Frameworks */,
				F90188122ABEE32E001A23C1 /* Resources */,
			);
			buildRules = (
			);
			dependencies = (
				F90188162ABEE32E001A23C1 /* PBXTargetDependency */,
			);
			name = EmployeesUITests;
			productName = EmployeesUITests;
			productReference = F90188142ABEE32E001A23C1 /* EmployeesUITests.xctest */;
			productType = "com.apple.product-type.bundle.ui-testing";
		};
/* End PBXNativeTarget section */

/* Begin PBXProject section */
		F90187F22ABEE32B001A23C1 /* Project object */ = {
			isa = PBXProject;
			attributes = {
				BuildIndependentTargetsInParallel = 1;
				LastSwiftUpdateCheck = 1500;
				LastUpgradeCheck = 1500;
				TargetAttributes = {
					F90187F92ABEE32B001A23C1 = {
						CreatedOnToolsVersion = 15.0;
					};
					F90188092ABEE32E001A23C1 = {
						CreatedOnToolsVersion = 15.0;
						TestTargetID = F90187F92ABEE32B001A23C1;
					};
					F90188132ABEE32E001A23C1 = {
						CreatedOnToolsVersion = 15.0;
						TestTargetID = F90187F92ABEE32B001A23C1;
					};
				};
			};
			buildConfigurationList = F90187F52ABEE32B001A23C1 /* Build configuration list for PBXProject "Employees" */;
			compatibilityVersion = "Xcode 14.0";
			developmentRegion = en;
			hasScannedForEncodings = 0;
			knownRegions = (
				en,
				Base,
			);
			mainGroup = F90187F12ABEE32B001A23C1;
			productRefGroup = F90187FB2ABEE32B001A23C1 /* Products */;
			projectDirPath = "";
			projectRoot = "";
			targets = (
				F90187F92ABEE32B001A23C1 /* Employees */,
				F90188092ABEE32E001A23C1 /* EmployeesTests */,
				F90188132ABEE32E001A23C1 /* EmployeesUITests */,
			);
		};
/* End PBXProject section */

/* Begin PBXResourcesBuildPhase section */
		F90187F82ABEE32B001A23C1 /* Resources */ = {
			isa = PBXResourcesBuildPhase;
			buildActionMask = 2147483647;
			files = (
				F90188052ABEE32E001A23C1 /* Preview Assets.xcassets in Resources */,
				F90188022ABEE32E001A23C1 /* Assets.xcassets in Resources */,
			);
			runOnlyForDeploymentPostprocessing = 0;
		};
		F90188082ABEE32E001A23C1 /* Resources */ = {
			isa = PBXResourcesBuildPhase;
			buildActionMask = 2147483647;
			files = (
			);
			runOnlyForDeploymentPostprocessing = 0;
		};
		F90188122ABEE32E001A23C1 /* Resources */ = {
			isa = PBXResourcesBuildPhase;
			buildActionMask = 2147483647;
			files = (
			);
			runOnlyForDeploymentPostprocessing = 0;
		};
/* End PBXResourcesBuildPhase section */

/* Begin PBXSourcesBuildPhase section */
		F90187F62ABEE32B001A23C1 /* Sources */ = {
			isa = PBXSourcesBuildPhase;
			buildActionMask = 2147483647;
			files = (
				F90188002ABEE32B001A23C1 /* ContentView.swift in Sources */,
				F90187FE2ABEE32B001A23C1 /* EmployeesApp.swift in Sources */,
			);
			runOnlyForDeploymentPostprocessing = 0;
		};
		F90188062ABEE32E001A23C1 /* Sources */ = {
			isa = PBXSourcesBuildPhase;
			buildActionMask = 2147483647;
			files = (
				F901880F2ABEE32E001A23C1 /* EmployeesTests.swift in Sources */,
			);
			runOnlyForDeploymentPostprocessing = 0;
		};
		F90188102ABEE32E001A23C1 /* Sources */ = {
			isa = PBXSourcesBuildPhase;
			buildActionMask = 2147483647;
			files = (
				F901881B2ABEE32E001A23C1 /* EmployeesUITestsLaunchTests.swift in Sources */,
				F90188192ABEE32E001A23C1 /* EmployeesUITests.swift in Sources */,
			);
			runOnlyForDeploymentPostprocessing = 0;
		};
/* End PBXSourcesBuildPhase section */

/* Begin PBXTargetDependency section */
		F901880C2ABEE32E001A23C1 /* PBXTargetDependency */ = {
			isa = PBXTargetDependency;
			target = F90187F92ABEE32B001A23C1 /* Employees */;
			targetProxy = F901880B2ABEE32E001A23C1 /* PBXContainerItemProxy */;
		};
		F90188162ABEE32E001A23C1 /* PBXTargetDependency */ = {
			isa = PBXTargetDependency;
			target = F90187F92ABEE32B001A23C1 /* Employees */;
			targetProxy = F90188152ABEE32E001A23C1 /* PBXContainerItemProxy */;
		};
/* End PBXTargetDependency section */

/* Begin XCBuildConfiguration section */
		F901881C2ABEE32E001A23C1 /* Debug */ = {
			isa = XCBuildConfiguration;
			buildSettings = {
				ALWAYS_SEARCH_USER_PATHS = NO;
				ASSETCATALOG_COMPILER_GENERATE_SWIFT_ASSET_SYMBOL_EXTENSIONS = YES;
				CLANG_ANALYZER_NONNULL = YES;
				CLANG_ANALYZER_NUMBER_OBJECT_CONVERSION = YES_AGGRESSIVE;
				CLANG_CXX_LANGUAGE_STANDARD = "gnu++20";
				CLANG_ENABLE_MODULES = YES;
				CLANG_ENABLE_OBJC_ARC = YES;
				CLANG_ENABLE_OBJC_WEAK = YES;
				CLANG_WARN_BLOCK_CAPTURE_AUTORELEASING = YES;
				CLANG_WARN_BOOL_CONVERSION = YES;
				CLANG_WARN_COMMA = YES;
				CLANG_WARN_CONSTANT_CONVERSION = YES;
				CLANG_WARN_DEPRECATED_OBJC_IMPLEMENTATIONS = YES;
				CLANG_WARN_DIRECT_OBJC_ISA_USAGE = YES_ERROR;
				CLANG_WARN_DOCUMENTATION_COMMENTS = YES;
				CLANG_WARN_EMPTY_BODY = YES;
				CLANG_WARN_ENUM_CONVERSION = YES;
				CLANG_WARN_INFINITE_RECURSION = YES;
				CLANG_WARN_INT_CONVERSION = YES;
				CLANG_WARN_NON_LITERAL_NULL_CONVERSION = YES;
				CLANG_WARN_OBJC_IMPLICIT_RETAIN_SELF = YES;
				CLANG_WARN_OBJC_LITERAL_CONVERSION = YES;
				CLANG_WARN_OBJC_ROOT_CLASS = YES_ERROR;
				CLANG_WARN_QUOTED_INCLUDE_IN_FRAMEWORK_HEADER = YES;
				CLANG_WARN_RANGE_LOOP_ANALYSIS = YES;
				CLANG_WARN_STRICT_PROTOTYPES = YES;
				CLANG_WARN_SUSPICIOUS_MOVE = YES;
				CLANG_WARN_UNGUARDED_AVAILABILITY = YES_AGGRESSIVE;
				CLANG_WARN_UNREACHABLE_CODE = YES;
				CLANG_WARN__DUPLICATE_METHOD_MATCH = YES;
				COPY_PHASE_STRIP = NO;
				DEBUG_INFORMATION_FORMAT = dwarf;
				ENABLE_STRICT_OBJC_MSGSEND = YES;
				ENABLE_TESTABILITY = YES;
				ENABLE_USER_SCRIPT_SANDBOXING = YES;
				GCC_C_LANGUAGE_STANDARD = gnu17;
				GCC_DYNAMIC_NO_PIC = NO;
				GCC_NO_COMMON_BLOCKS = YES;
				GCC_OPTIMIZATION_LEVEL = 0;
				GCC_PREPROCESSOR_DEFINITIONS = (
					"DEBUG=1",
					"$(inherited)",
				);
				GCC_WARN_64_TO_32_BIT_CONVERSION = YES;
				GCC_WARN_ABOUT_RETURN_TYPE = YES_ERROR;
				GCC_WARN_UNDECLARED_SELECTOR = YES;
				GCC_WARN_UNINITIALIZED_AUTOS = YES_AGGRESSIVE;
				GCC_WARN_UNUSED_FUNCTION = YES;
				GCC_WARN_UNUSED_VARIABLE = YES;
				IPHONEOS_DEPLOYMENT_TARGET = 17.0;
				LOCALIZATION_PREFERS_STRING_CATALOGS = YES;
				MTL_ENABLE_DEBUG_INFO = INCLUDE_SOURCE;
				MTL_FAST_MATH = YES;
				ONLY_ACTIVE_ARCH = YES;
				SDKROOT = iphoneos;
				SWIFT_ACTIVE_COMPILATION_CONDITIONS = "DEBUG $(inherited)";
				SWIFT_OPTIMIZATION_LEVEL = "-Onone";
			};
			name = Debug;
		};
		F901881D2ABEE32E001A23C1 /* Release */ = {
			isa = XCBuildConfiguration;
			buildSettings = {
				ALWAYS_SEARCH_USER_PATHS = NO;
				ASSETCATALOG_COMPILER_GENERATE_SWIFT_ASSET_SYMBOL_EXTENSIONS = YES;
				CLANG_ANALYZER_NONNULL = YES;
				CLANG_ANALYZER_NUMBER_OBJECT_CONVERSION = YES_AGGRESSIVE;
				CLANG_CXX_LANGUAGE_STANDARD = "gnu++20";
				CLANG_ENABLE_MODULES = YES;
				CLANG_ENABLE_OBJC_ARC = YES;
				CLANG_ENABLE_OBJC_WEAK = YES;
				CLANG_WARN_BLOCK_CAPTURE_AUTORELEASING = YES;
				CLANG_WARN_BOOL_CONVERSION = YES;
				CLANG_WARN_COMMA = YES;
				CLANG_WARN_CONSTANT_CONVERSION = YES;
				CLANG_WARN_DEPRECATED_OBJC_IMPLEMENTATIONS = YES;
				CLANG_WARN_DIRECT_OBJC_ISA_USAGE = YES_ERROR;
				CLANG_WARN_DOCUMENTATION_COMMENTS = YES;
				CLANG_WARN_EMPTY_BODY = YES;
				CLANG_WARN_ENUM_CONVERSION = YES;
				CLANG_WARN_INFINITE_RECURSION = YES;
				CLANG_WARN_INT_CONVERSION = YES;
				CLANG_WARN_NON_LITERAL_NULL_CONVERSION = YES;
				CLANG_WARN_OBJC_IMPLICIT_RETAIN_SELF = YES;
				CLANG_WARN_OBJC_LITERAL_CONVERSION = YES;
				CLANG_WARN_OBJC_ROOT_CLASS = YES_ERROR;
				CLANG_WARN_QUOTED_INCLUDE_IN_FRAMEWORK_HEADER = YES;
				CLANG_WARN_RANGE_LOOP_ANALYSIS = YES;
				CLANG_WARN_STRICT_PROTOTYPES = YES;
				CLANG_WARN_SUSPICIOUS_MOVE = YES;
				CLANG_WARN_UNGUARDED_AVAILABILITY = YES_AGGRESSIVE;
				CLANG_WARN_UNREACHABLE_CODE = YES;
				CLANG_WARN__DUPLICATE_METHOD_MATCH = YES;
				COPY_PHASE_STRIP = NO;
				DEBUG_INFORMATION_FORMAT = "dwarf-with-dsym";
				ENABLE_NS_ASSERTIONS = NO;
				ENABLE_STRICT_OBJC_MSGSEND = YES;
				ENABLE_USER_SCRIPT_SANDBOXING = YES;
				GCC_C_LANGUAGE_STANDARD = gnu17;
				GCC_NO_COMMON_BLOCKS = YES;
				GCC_WARN_64_TO_32_BIT_CONVERSION = YES;
				GCC_WARN_ABOUT_RETURN_TYPE = YES_ERROR;
				GCC_WARN_UNDECLARED_SELECTOR = YES;
				GCC_WARN_UNINITIALIZED_AUTOS = YES_AGGRESSIVE;
				GCC_WARN_UNUSED_FUNCTION = YES;
				GCC_WARN_UNUSED_VARIABLE = YES;
				IPHONEOS_DEPLOYMENT_TARGET = 17.0;
				LOCALIZATION_PREFERS_STRING_CATALOGS = YES;
				MTL_ENABLE_DEBUG_INFO = NO;
				MTL_FAST_MATH = YES;
				SDKROOT = iphoneos;
				SWIFT_COMPILATION_MODE = wholemodule;
				VALIDATE_PRODUCT = YES;
			};
			name = Release;
		};
		F901881F2ABEE32E001A23C1 /* Debug */ = {
			isa = XCBuildConfiguration;
			buildSettings = {
				ASSETCATALOG_COMPILER_APPICON_NAME = AppIcon;
				ASSETCATALOG_COMPILER_GLOBAL_ACCENT_COLOR_NAME = AccentColor;
				CODE_SIGN_STYLE = Automatic;
				CURRENT_PROJECT_VERSION = 1;
				DEVELOPMENT_ASSET_PATHS = "\"Employees/Preview Content\"";
				ENABLE_PREVIEWS = YES;
				GENERATE_INFOPLIST_FILE = YES;
				INFOPLIST_KEY_UIApplicationSceneManifest_Generation = YES;
				INFOPLIST_KEY_UIApplicationSupportsIndirectInputEvents = YES;
				INFOPLIST_KEY_UILaunchScreen_Generation = YES;
				INFOPLIST_KEY_UISupportedInterfaceOrientations_iPad = "UIInterfaceOrientationPortrait UIInterfaceOrientationPortraitUpsideDown UIInterfaceOrientationLandscapeLeft UIInterfaceOrientationLandscapeRight";
				INFOPLIST_KEY_UISupportedInterfaceOrientations_iPhone = "UIInterfaceOrientationPortrait UIInterfaceOrientationLandscapeLeft UIInterfaceOrientationLandscapeRight";
				LD_RUNPATH_SEARCH_PATHS = (
					"$(inherited)",
					"@executable_path/Frameworks",
				);
				MARKETING_VERSION = 1.0;
				PRODUCT_BUNDLE_IDENTIFIER = com.jngutierrezmorales.Employees;
				PRODUCT_NAME = "$(TARGET_NAME)";
				SWIFT_EMIT_LOC_STRINGS = YES;
				SWIFT_VERSION = 5.0;
				TARGETED_DEVICE_FAMILY = "1,2";
			};
			name = Debug;
		};
		F90188202ABEE32E001A23C1 /* Release */ = {
			isa = XCBuildConfiguration;
			buildSettings = {
				ASSETCATALOG_COMPILER_APPICON_NAME = AppIcon;
				ASSETCATALOG_COMPILER_GLOBAL_ACCENT_COLOR_NAME = AccentColor;
				CODE_SIGN_STYLE = Automatic;
				CURRENT_PROJECT_VERSION = 1;
				DEVELOPMENT_ASSET_PATHS = "\"Employees/Preview Content\"";
				ENABLE_PREVIEWS = YES;
				GENERATE_INFOPLIST_FILE = YES;
				INFOPLIST_KEY_UIApplicationSceneManifest_Generation = YES;
				INFOPLIST_KEY_UIApplicationSupportsIndirectInputEvents = YES;
				INFOPLIST_KEY_UILaunchScreen_Generation = YES;
				INFOPLIST_KEY_UISupportedInterfaceOrientations_iPad = "UIInterfaceOrientationPortrait UIInterfaceOrientationPortraitUpsideDown UIInterfaceOrientationLandscapeLeft UIInterfaceOrientationLandscapeRight";
				INFOPLIST_KEY_UISupportedInterfaceOrientations_iPhone = "UIInterfaceOrientationPortrait UIInterfaceOrientationLandscapeLeft UIInterfaceOrientationLandscapeRight";
				LD_RUNPATH_SEARCH_PATHS = (
					"$(inherited)",
					"@executable_path/Frameworks",
				);
				MARKETING_VERSION = 1.0;
				PRODUCT_BUNDLE_IDENTIFIER = com.jngutierrezmorales.Employees;
				PRODUCT_NAME = "$(TARGET_NAME)";
				SWIFT_EMIT_LOC_STRINGS = YES;
				SWIFT_VERSION = 5.0;
				TARGETED_DEVICE_FAMILY = "1,2";
			};
			name = Release;
		};
		F90188222ABEE32E001A23C1 /* Debug */ = {
			isa = XCBuildConfiguration;
			buildSettings = {
				ALWAYS_EMBED_SWIFT_STANDARD_LIBRARIES = YES;
				BUNDLE_LOADER = "$(TEST_HOST)";
				CODE_SIGN_STYLE = Automatic;
				CURRENT_PROJECT_VERSION = 1;
				GENERATE_INFOPLIST_FILE = YES;
				IPHONEOS_DEPLOYMENT_TARGET = 17.0;
				MARKETING_VERSION = 1.0;
				PRODUCT_BUNDLE_IDENTIFIER = com.jngutierrezmorales.EmployeesTests;
				PRODUCT_NAME = "$(TARGET_NAME)";
				SWIFT_EMIT_LOC_STRINGS = NO;
				SWIFT_VERSION = 5.0;
				TARGETED_DEVICE_FAMILY = "1,2";
				TEST_HOST = "$(BUILT_PRODUCTS_DIR)/Employees.app/$(BUNDLE_EXECUTABLE_FOLDER_PATH)/Employees";
			};
			name = Debug;
		};
		F90188232ABEE32E001A23C1 /* Release */ = {
			isa = XCBuildConfiguration;
			buildSettings = {
				ALWAYS_EMBED_SWIFT_STANDARD_LIBRARIES = YES;
				BUNDLE_LOADER = "$(TEST_HOST)";
				CODE_SIGN_STYLE = Automatic;
				CURRENT_PROJECT_VERSION = 1;
				GENERATE_INFOPLIST_FILE = YES;
				IPHONEOS_DEPLOYMENT_TARGET = 17.0;
				MARKETING_VERSION = 1.0;
				PRODUCT_BUNDLE_IDENTIFIER = com.jngutierrezmorales.EmployeesTests;
				PRODUCT_NAME = "$(TARGET_NAME)";
				SWIFT_EMIT_LOC_STRINGS = NO;
				SWIFT_VERSION = 5.0;
				TARGETED_DEVICE_FAMILY = "1,2";
				TEST_HOST = "$(BUILT_PRODUCTS_DIR)/Employees.app/$(BUNDLE_EXECUTABLE_FOLDER_PATH)/Employees";
			};
			name = Release;
		};
		F90188252ABEE32E001A23C1 /* Debug */ = {
			isa = XCBuildConfiguration;
			buildSettings = {
				ALWAYS_EMBED_SWIFT_STANDARD_LIBRARIES = YES;
				CODE_SIGN_STYLE = Automatic;
				CURRENT_PROJECT_VERSION = 1;
				GENERATE_INFOPLIST_FILE = YES;
				MARKETING_VERSION = 1.0;
				PRODUCT_BUNDLE_IDENTIFIER = com.jngutierrezmorales.EmployeesUITests;
				PRODUCT_NAME = "$(TARGET_NAME)";
				SWIFT_EMIT_LOC_STRINGS = NO;
				SWIFT_VERSION = 5.0;
				TARGETED_DEVICE_FAMILY = "1,2";
				TEST_TARGET_NAME = Employees;
			};
			name = Debug;
		};
		F90188262ABEE32E001A23C1 /* Release */ = {
			isa = XCBuildConfiguration;
			buildSettings = {
				ALWAYS_EMBED_SWIFT_STANDARD_LIBRARIES = YES;
				CODE_SIGN_STYLE = Automatic;
				CURRENT_PROJECT_VERSION = 1;
				GENERATE_INFOPLIST_FILE = YES;
				MARKETING_VERSION = 1.0;
				PRODUCT_BUNDLE_IDENTIFIER = com.jngutierrezmorales.EmployeesUITests;
				PRODUCT_NAME = "$(TARGET_NAME)";
				SWIFT_EMIT_LOC_STRINGS = NO;
				SWIFT_VERSION = 5.0;
				TARGETED_DEVICE_FAMILY = "1,2";
				TEST_TARGET_NAME = Employees;
			};
			name = Release;
		};
/* End XCBuildConfiguration section */

/* Begin XCConfigurationList section */
		F90187F52ABEE32B001A23C1 /* Build configuration list for PBXProject "Employees" */ = {
			isa = XCConfigurationList;
			buildConfigurations = (
				F901881C2ABEE32E001A23C1 /* Debug */,
				F901881D2ABEE32E001A23C1 /* Release */,
			);
			defaultConfigurationIsVisible = 0;
			defaultConfigurationName = Release;
		};
		F901881E2ABEE32E001A23C1 /* Build configuration list for PBXNativeTarget "Employees" */ = {
			isa = XCConfigurationList;
			buildConfigurations = (
				F901881F2ABEE32E001A23C1 /* Debug */,
				F90188202ABEE32E001A23C1 /* Release */,
			);
			defaultConfigurationIsVisible = 0;
			defaultConfigurationName = Release;
		};
		F90188212ABEE32E001A23C1 /* Build configuration list for PBXNativeTarget "EmployeesTests" */ = {
			isa = XCConfigurationList;
			buildConfigurations = (
				F90188222ABEE32E001A23C1 /* Debug */,
				F90188232ABEE32E001A23C1 /* Release */,
			);
			defaultConfigurationIsVisible = 0;
			defaultConfigurationName = Release;
		};
		F90188242ABEE32E001A23C1 /* Build configuration list for PBXNativeTarget "EmployeesUITests" */ = {
			isa = XCConfigurationList;
			buildConfigurations = (
				F90188252ABEE32E001A23C1 /* Debug */,
				F90188262ABEE32E001A23C1 /* Release */,
			);
			defaultConfigurationIsVisible = 0;
			defaultConfigurationName = Release;
		};
/* End XCConfigurationList section */
	};
	rootObject = F90187F22ABEE32B001A23C1 /* Project object */;
}
